// !$*UTF8*$!
{
	archiveVersion = 1;
	classes = {
	};
	objectVersion = 46;
	objects = {

/* Begin PBXBuildFile section */
		915EF55D1ABADD1800EFDA67 /* SignatureViewController.m in Sources */ = {isa = PBXBuildFile; fileRef = 915EF55C1ABADD1800EFDA67 /* SignatureViewController.m */; };
		915EF5621ABAE87500EFDA67 /* DocumentCollectionViewCell.m in Sources */ = {isa = PBXBuildFile; fileRef = 915EF5601ABAE87500EFDA67 /* DocumentCollectionViewCell.m */; };
		915EF5631ABAE87500EFDA67 /* DocumentCollectionViewCell.xib in Resources */ = {isa = PBXBuildFile; fileRef = 915EF5611ABAE87500EFDA67 /* DocumentCollectionViewCell.xib */; };
		916D57F71AB9E03400069815 /* main.m in Sources */ = {isa = PBXBuildFile; fileRef = 916D57F61AB9E03400069815 /* main.m */; };
		916D57FA1AB9E03400069815 /* AppDelegate.m in Sources */ = {isa = PBXBuildFile; fileRef = 916D57F91AB9E03400069815 /* AppDelegate.m */; };
		916D57FD1AB9E03400069815 /* Signed.xcdatamodeld in Sources */ = {isa = PBXBuildFile; fileRef = 916D57FB1AB9E03400069815 /* Signed.xcdatamodeld */; };
		916D58001AB9E03400069815 /* HistoryViewController.m in Sources */ = {isa = PBXBuildFile; fileRef = 916D57FF1AB9E03400069815 /* HistoryViewController.m */; };
		916D58031AB9E03400069815 /* Main.storyboard in Resources */ = {isa = PBXBuildFile; fileRef = 916D58011AB9E03400069815 /* Main.storyboard */; };
		916D58051AB9E03400069815 /* Images.xcassets in Resources */ = {isa = PBXBuildFile; fileRef = 916D58041AB9E03400069815 /* Images.xcassets */; };
		916D58081AB9E03400069815 /* LaunchScreen.xib in Resources */ = {isa = PBXBuildFile; fileRef = 916D58061AB9E03400069815 /* LaunchScreen.xib */; };
		916D58141AB9E03400069815 /* SignedTests.m in Sources */ = {isa = PBXBuildFile; fileRef = 916D58131AB9E03400069815 /* SignedTests.m */; };
		916D58241AB9E16000069815 /* DetailViewController.m in Sources */ = {isa = PBXBuildFile; fileRef = 916D58231AB9E16000069815 /* DetailViewController.m */; };
		916D582A1AB9E6EB00069815 /* Line.m in Sources */ = {isa = PBXBuildFile; fileRef = 916D58271AB9E6EB00069815 /* Line.m */; };
		916D582B1AB9E6EB00069815 /* LineSmoothHelper.m in Sources */ = {isa = PBXBuildFile; fileRef = 916D58291AB9E6EB00069815 /* LineSmoothHelper.m */; };
		916D582E1AB9E6F600069815 /* UIBezierPath+Subline.m in Sources */ = {isa = PBXBuildFile; fileRef = 916D582D1AB9E6F600069815 /* UIBezierPath+Subline.m */; };
		916D58311AB9E70200069815 /* Signature.m in Sources */ = {isa = PBXBuildFile; fileRef = 916D58301AB9E70200069815 /* Signature.m */; };
/* End PBXBuildFile section */

/* Begin PBXContainerItemProxy section */
		916D580E1AB9E03400069815 /* PBXContainerItemProxy */ = {
			isa = PBXContainerItemProxy;
			containerPortal = 916D57E91AB9E03400069815 /* Project object */;
			proxyType = 1;
			remoteGlobalIDString = 916D57F01AB9E03400069815;
			remoteInfo = Signed;
		};
/* End PBXContainerItemProxy section */

/* Begin PBXFileReference section */
		915EF55B1ABADD1800EFDA67 /* SignatureViewController.h */ = {isa = PBXFileReference; fileEncoding = 4; lastKnownFileType = sourcecode.c.h; path = SignatureViewController.h; sourceTree = "<group>"; };
		915EF55C1ABADD1800EFDA67 /* SignatureViewController.m */ = {isa = PBXFileReference; fileEncoding = 4; lastKnownFileType = sourcecode.c.objc; path = SignatureViewController.m; sourceTree = "<group>"; };
		915EF55F1ABAE87500EFDA67 /* DocumentCollectionViewCell.h */ = {isa = PBXFileReference; fileEncoding = 4; lastKnownFileType = sourcecode.c.h; path = DocumentCollectionViewCell.h; sourceTree = "<group>"; };
		915EF5601ABAE87500EFDA67 /* DocumentCollectionViewCell.m */ = {isa = PBXFileReference; fileEncoding = 4; lastKnownFileType = sourcecode.c.objc; path = DocumentCollectionViewCell.m; sourceTree = "<group>"; };
		915EF5611ABAE87500EFDA67 /* DocumentCollectionViewCell.xib */ = {isa = PBXFileReference; fileEncoding = 4; lastKnownFileType = file.xib; path = DocumentCollectionViewCell.xib; sourceTree = "<group>"; };
		916D57F11AB9E03400069815 /* Signed.app */ = {isa = PBXFileReference; explicitFileType = wrapper.application; includeInIndex = 0; path = Signed.app; sourceTree = BUILT_PRODUCTS_DIR; };
		916D57F51AB9E03400069815 /* Info.plist */ = {isa = PBXFileReference; lastKnownFileType = text.plist.xml; path = Info.plist; sourceTree = "<group>"; };
		916D57F61AB9E03400069815 /* main.m */ = {isa = PBXFileReference; lastKnownFileType = sourcecode.c.objc; path = main.m; sourceTree = "<group>"; };
		916D57F81AB9E03400069815 /* AppDelegate.h */ = {isa = PBXFileReference; lastKnownFileType = sourcecode.c.h; path = AppDelegate.h; sourceTree = "<group>"; };
		916D57F91AB9E03400069815 /* AppDelegate.m */ = {isa = PBXFileReference; lastKnownFileType = sourcecode.c.objc; path = AppDelegate.m; sourceTree = "<group>"; };
		916D57FC1AB9E03400069815 /* Signed.xcdatamodel */ = {isa = PBXFileReference; lastKnownFileType = wrapper.xcdatamodel; path = Signed.xcdatamodel; sourceTree = "<group>"; };
		916D57FE1AB9E03400069815 /* HistoryViewController.h */ = {isa = PBXFileReference; lastKnownFileType = sourcecode.c.h; path = HistoryViewController.h; sourceTree = "<group>"; };
		916D57FF1AB9E03400069815 /* HistoryViewController.m */ = {isa = PBXFileReference; lastKnownFileType = sourcecode.c.objc; path = HistoryViewController.m; sourceTree = "<group>"; };
		916D58021AB9E03400069815 /* Base */ = {isa = PBXFileReference; lastKnownFileType = file.storyboard; name = Base; path = Base.lproj/Main.storyboard; sourceTree = "<group>"; };
		916D58041AB9E03400069815 /* Images.xcassets */ = {isa = PBXFileReference; lastKnownFileType = folder.assetcatalog; path = Images.xcassets; sourceTree = "<group>"; };
		916D58071AB9E03400069815 /* Base */ = {isa = PBXFileReference; lastKnownFileType = file.xib; name = Base; path = Base.lproj/LaunchScreen.xib; sourceTree = "<group>"; };
		916D580D1AB9E03400069815 /* SignedTests.xctest */ = {isa = PBXFileReference; explicitFileType = wrapper.cfbundle; includeInIndex = 0; path = SignedTests.xctest; sourceTree = BUILT_PRODUCTS_DIR; };
		916D58121AB9E03400069815 /* Info.plist */ = {isa = PBXFileReference; lastKnownFileType = text.plist.xml; path = Info.plist; sourceTree = "<group>"; };
		916D58131AB9E03400069815 /* SignedTests.m */ = {isa = PBXFileReference; lastKnownFileType = sourcecode.c.objc; path = SignedTests.m; sourceTree = "<group>"; };
		916D58221AB9E16000069815 /* DetailViewController.h */ = {isa = PBXFileReference; fileEncoding = 4; lastKnownFileType = sourcecode.c.h; path = DetailViewController.h; sourceTree = "<group>"; };
		916D58231AB9E16000069815 /* DetailViewController.m */ = {isa = PBXFileReference; fileEncoding = 4; lastKnownFileType = sourcecode.c.objc; path = DetailViewController.m; sourceTree = "<group>"; };
		916D58261AB9E6EB00069815 /* Line.h */ = {isa = PBXFileReference; fileEncoding = 4; lastKnownFileType = sourcecode.c.h; path = Line.h; sourceTree = "<group>"; };
		916D58271AB9E6EB00069815 /* Line.m */ = {isa = PBXFileReference; fileEncoding = 4; lastKnownFileType = sourcecode.c.objc; path = Line.m; sourceTree = "<group>"; };
		916D58281AB9E6EB00069815 /* LineSmoothHelper.h */ = {isa = PBXFileReference; fileEncoding = 4; lastKnownFileType = sourcecode.c.h; path = LineSmoothHelper.h; sourceTree = "<group>"; };
		916D58291AB9E6EB00069815 /* LineSmoothHelper.m */ = {isa = PBXFileReference; fileEncoding = 4; lastKnownFileType = sourcecode.c.objc; path = LineSmoothHelper.m; sourceTree = "<group>"; };
		916D582C1AB9E6F600069815 /* UIBezierPath+Subline.h */ = {isa = PBXFileReference; fileEncoding = 4; lastKnownFileType = sourcecode.c.h; path = "UIBezierPath+Subline.h"; sourceTree = "<group>"; };
		916D582D1AB9E6F600069815 /* UIBezierPath+Subline.m */ = {isa = PBXFileReference; fileEncoding = 4; lastKnownFileType = sourcecode.c.objc; path = "UIBezierPath+Subline.m"; sourceTree = "<group>"; };
		916D582F1AB9E70200069815 /* Signature.h */ = {isa = PBXFileReference; fileEncoding = 4; lastKnownFileType = sourcecode.c.h; path = Signature.h; sourceTree = "<group>"; };
		916D58301AB9E70200069815 /* Signature.m */ = {isa = PBXFileReference; fileEncoding = 4; lastKnownFileType = sourcecode.c.objc; path = Signature.m; sourceTree = "<group>"; };
/* End PBXFileReference section */

/* Begin PBXFrameworksBuildPhase section */
		916D57EE1AB9E03400069815 /* Frameworks */ = {
			isa = PBXFrameworksBuildPhase;
			buildActionMask = 2147483647;
			files = (
			);
			runOnlyForDeploymentPostprocessing = 0;
		};
		916D580A1AB9E03400069815 /* Frameworks */ = {
			isa = PBXFrameworksBuildPhase;
			buildActionMask = 2147483647;
			files = (
			);
			runOnlyForDeploymentPostprocessing = 0;
		};
/* End PBXFrameworksBuildPhase section */

/* Begin PBXGroup section */
		915EF55A1ABADB0A00EFDA67 /* Signature */ = {
			isa = PBXGroup;
			children = (
			);
			name = Signature;
			sourceTree = "<group>";
		};
		915EF55E1ABAE57F00EFDA67 /* Signature */ = {
			isa = PBXGroup;
			children = (
				915EF55B1ABADD1800EFDA67 /* SignatureViewController.h */,
				915EF55C1ABADD1800EFDA67 /* SignatureViewController.m */,
			);
			name = Signature;
			sourceTree = "<group>";
		};
		915EF5641ABAF9E400EFDA67 /* Document Cell */ = {
			isa = PBXGroup;
			children = (
				915EF55F1ABAE87500EFDA67 /* DocumentCollectionViewCell.h */,
				915EF5601ABAE87500EFDA67 /* DocumentCollectionViewCell.m */,
				915EF5611ABAE87500EFDA67 /* DocumentCollectionViewCell.xib */,
			);
			name = "Document Cell";
			sourceTree = "<group>";
		};
		916D57E81AB9E03400069815 = {
			isa = PBXGroup;
			children = (
				916D57F31AB9E03400069815 /* Signed */,
				916D58101AB9E03400069815 /* SignedTests */,
				916D57F21AB9E03400069815 /* Products */,
			);
			sourceTree = "<group>";
		};
		916D57F21AB9E03400069815 /* Products */ = {
			isa = PBXGroup;
			children = (
				916D57F11AB9E03400069815 /* Signed.app */,
				916D580D1AB9E03400069815 /* SignedTests.xctest */,
			);
			name = Products;
			sourceTree = "<group>";
		};
		916D57F31AB9E03400069815 /* Signed */ = {
			isa = PBXGroup;
			children = (
				916D58251AB9E6B000069815 /* Signature */,
				916D581D1AB9E07000069815 /* View Controllers */,
				916D57F81AB9E03400069815 /* AppDelegate.h */,
				916D57F91AB9E03400069815 /* AppDelegate.m */,
				916D58041AB9E03400069815 /* Images.xcassets */,
				916D58061AB9E03400069815 /* LaunchScreen.xib */,
				916D57FB1AB9E03400069815 /* Signed.xcdatamodeld */,
				916D57F41AB9E03400069815 /* Supporting Files */,
			);
			path = Signed;
			sourceTree = "<group>";
		};
		916D57F41AB9E03400069815 /* Supporting Files */ = {
			isa = PBXGroup;
			children = (
				916D57F51AB9E03400069815 /* Info.plist */,
				916D57F61AB9E03400069815 /* main.m */,
			);
			name = "Supporting Files";
			sourceTree = "<group>";
		};
		916D58101AB9E03400069815 /* SignedTests */ = {
			isa = PBXGroup;
			children = (
				916D58131AB9E03400069815 /* SignedTests.m */,
				916D58111AB9E03400069815 /* Supporting Files */,
			);
			path = SignedTests;
			sourceTree = "<group>";
		};
		916D58111AB9E03400069815 /* Supporting Files */ = {
			isa = PBXGroup;
			children = (
				916D58121AB9E03400069815 /* Info.plist */,
			);
			name = "Supporting Files";
			sourceTree = "<group>";
		};
		916D581D1AB9E07000069815 /* View Controllers */ = {
			isa = PBXGroup;
			children = (
				916D58011AB9E03400069815 /* Main.storyboard */,
				915EF55A1ABADB0A00EFDA67 /* Signature */,
				916D581F1AB9E10300069815 /* Detail */,
				916D581E1AB9E0CC00069815 /* History */,
				915EF55E1ABAE57F00EFDA67 /* Signature */,
			);
			name = "View Controllers";
			sourceTree = "<group>";
		};
		916D581E1AB9E0CC00069815 /* History */ = {
			isa = PBXGroup;
			children = (
				915EF5641ABAF9E400EFDA67 /* Document Cell */,
				916D57FE1AB9E03400069815 /* HistoryViewController.h */,
				916D57FF1AB9E03400069815 /* HistoryViewController.m */,
			);
			name = History;
			sourceTree = "<group>";
		};
		916D581F1AB9E10300069815 /* Detail */ = {
			isa = PBXGroup;
			children = (
				916D58221AB9E16000069815 /* DetailViewController.h */,
				916D58231AB9E16000069815 /* DetailViewController.m */,
			);
			name = Detail;
			sourceTree = "<group>";
		};
		916D58251AB9E6B000069815 /* Signature */ = {
			isa = PBXGroup;
			children = (
				916D582F1AB9E70200069815 /* Signature.h */,
				916D58301AB9E70200069815 /* Signature.m */,
				916D582C1AB9E6F600069815 /* UIBezierPath+Subline.h */,
				916D582D1AB9E6F600069815 /* UIBezierPath+Subline.m */,
				916D58261AB9E6EB00069815 /* Line.h */,
				916D58271AB9E6EB00069815 /* Line.m */,
				916D58281AB9E6EB00069815 /* LineSmoothHelper.h */,
				916D58291AB9E6EB00069815 /* LineSmoothHelper.m */,
			);
			name = Signature;
			sourceTree = "<group>";
		};
/* End PBXGroup section */

/* Begin PBXNativeTarget section */
		916D57F01AB9E03400069815 /* Signed */ = {
			isa = PBXNativeTarget;
			buildConfigurationList = 916D58171AB9E03400069815 /* Build configuration list for PBXNativeTarget "Signed" */;
			buildPhases = (
				916D57ED1AB9E03400069815 /* Sources */,
				916D57EE1AB9E03400069815 /* Frameworks */,
				916D57EF1AB9E03400069815 /* Resources */,
			);
			buildRules = (
			);
			dependencies = (
			);
			name = Signed;
			productName = Signed;
			productReference = 916D57F11AB9E03400069815 /* Signed.app */;
			productType = "com.apple.product-type.application";
		};
		916D580C1AB9E03400069815 /* SignedTests */ = {
			isa = PBXNativeTarget;
			buildConfigurationList = 916D581A1AB9E03400069815 /* Build configuration list for PBXNativeTarget "SignedTests" */;
			buildPhases = (
				916D58091AB9E03400069815 /* Sources */,
				916D580A1AB9E03400069815 /* Frameworks */,
				916D580B1AB9E03400069815 /* Resources */,
			);
			buildRules = (
			);
			dependencies = (
				916D580F1AB9E03400069815 /* PBXTargetDependency */,
			);
			name = SignedTests;
			productName = SignedTests;
			productReference = 916D580D1AB9E03400069815 /* SignedTests.xctest */;
			productType = "com.apple.product-type.bundle.unit-test";
		};
/* End PBXNativeTarget section */

/* Begin PBXProject section */
		916D57E91AB9E03400069815 /* Project object */ = {
			isa = PBXProject;
			attributes = {
				LastUpgradeCheck = 0620;
				ORGANIZATIONNAME = "Jessie Serrino";
				TargetAttributes = {
					916D57F01AB9E03400069815 = {
						CreatedOnToolsVersion = 6.2;
					};
					916D580C1AB9E03400069815 = {
						CreatedOnToolsVersion = 6.2;
						TestTargetID = 916D57F01AB9E03400069815;
					};
				};
			};
			buildConfigurationList = 916D57EC1AB9E03400069815 /* Build configuration list for PBXProject "Signed" */;
			compatibilityVersion = "Xcode 3.2";
			developmentRegion = English;
			hasScannedForEncodings = 0;
			knownRegions = (
				en,
				Base,
			);
			mainGroup = 916D57E81AB9E03400069815;
			productRefGroup = 916D57F21AB9E03400069815 /* Products */;
			projectDirPath = "";
			projectRoot = "";
			targets = (
				916D57F01AB9E03400069815 /* Signed */,
				916D580C1AB9E03400069815 /* SignedTests */,
			);
		};
/* End PBXProject section */

/* Begin PBXResourcesBuildPhase section */
		916D57EF1AB9E03400069815 /* Resources */ = {
			isa = PBXResourcesBuildPhase;
			buildActionMask = 2147483647;
			files = (
				916D58031AB9E03400069815 /* Main.storyboard in Resources */,
				915EF5631ABAE87500EFDA67 /* DocumentCollectionViewCell.xib in Resources */,
				916D58081AB9E03400069815 /* LaunchScreen.xib in Resources */,
				916D58051AB9E03400069815 /* Images.xcassets in Resources */,
			);
			runOnlyForDeploymentPostprocessing = 0;
		};
		916D580B1AB9E03400069815 /* Resources */ = {
			isa = PBXResourcesBuildPhase;
			buildActionMask = 2147483647;
			files = (
			);
			runOnlyForDeploymentPostprocessing = 0;
		};
/* End PBXResourcesBuildPhase section */

/* Begin PBXSourcesBuildPhase section */
		916D57ED1AB9E03400069815 /* Sources */ = {
			isa = PBXSourcesBuildPhase;
			buildActionMask = 2147483647;
			files = (
				916D582B1AB9E6EB00069815 /* LineSmoothHelper.m in Sources */,
				916D58241AB9E16000069815 /* DetailViewController.m in Sources */,
				916D582E1AB9E6F600069815 /* UIBezierPath+Subline.m in Sources */,
				916D58311AB9E70200069815 /* Signature.m in Sources */,
				916D582A1AB9E6EB00069815 /* Line.m in Sources */,
				916D57FA1AB9E03400069815 /* AppDelegate.m in Sources */,
				916D57F71AB9E03400069815 /* main.m in Sources */,
				916D58001AB9E03400069815 /* HistoryViewController.m in Sources */,
				915EF5621ABAE87500EFDA67 /* DocumentCollectionViewCell.m in Sources */,
				916D57FD1AB9E03400069815 /* Signed.xcdatamodeld in Sources */,
				915EF55D1ABADD1800EFDA67 /* SignatureViewController.m in Sources */,
			);
			runOnlyForDeploymentPostprocessing = 0;
		};
		916D58091AB9E03400069815 /* Sources */ = {
			isa = PBXSourcesBuildPhase;
			buildActionMask = 2147483647;
			files = (
				916D58141AB9E03400069815 /* SignedTests.m in Sources */,
			);
			runOnlyForDeploymentPostprocessing = 0;
		};
/* End PBXSourcesBuildPhase section */

/* Begin PBXTargetDependency section */
		916D580F1AB9E03400069815 /* PBXTargetDependency */ = {
			isa = PBXTargetDependency;
			target = 916D57F01AB9E03400069815 /* Signed */;
			targetProxy = 916D580E1AB9E03400069815 /* PBXContainerItemProxy */;
		};
/* End PBXTargetDependency section */

/* Begin PBXVariantGroup section */
		916D58011AB9E03400069815 /* Main.storyboard */ = {
			isa = PBXVariantGroup;
			children = (
				916D58021AB9E03400069815 /* Base */,
			);
			name = Main.storyboard;
			sourceTree = "<group>";
		};
		916D58061AB9E03400069815 /* LaunchScreen.xib */ = {
			isa = PBXVariantGroup;
			children = (
				916D58071AB9E03400069815 /* Base */,
			);
			name = LaunchScreen.xib;
			sourceTree = "<group>";
		};
/* End PBXVariantGroup section */

/* Begin XCBuildConfiguration section */
		916D58151AB9E03400069815 /* Debug */ = {
			isa = XCBuildConfiguration;
			buildSettings = {
				ALWAYS_SEARCH_USER_PATHS = NO;
				CLANG_CXX_LANGUAGE_STANDARD = "gnu++0x";
				CLANG_CXX_LIBRARY = "libc++";
				CLANG_ENABLE_MODULES = YES;
				CLANG_ENABLE_OBJC_ARC = YES;
				CLANG_WARN_BOOL_CONVERSION = YES;
				CLANG_WARN_CONSTANT_CONVERSION = YES;
				CLANG_WARN_DIRECT_OBJC_ISA_USAGE = YES_ERROR;
				CLANG_WARN_EMPTY_BODY = YES;
				CLANG_WARN_ENUM_CONVERSION = YES;
				CLANG_WARN_INT_CONVERSION = YES;
				CLANG_WARN_OBJC_ROOT_CLASS = YES_ERROR;
				CLANG_WARN_UNREACHABLE_CODE = YES;
				CLANG_WARN__DUPLICATE_METHOD_MATCH = YES;
				"CODE_SIGN_IDENTITY[sdk=iphoneos*]" = "iPhone Developer";
				COPY_PHASE_STRIP = NO;
				ENABLE_STRICT_OBJC_MSGSEND = YES;
				GCC_C_LANGUAGE_STANDARD = gnu99;
				GCC_DYNAMIC_NO_PIC = NO;
				GCC_OPTIMIZATION_LEVEL = 0;
				GCC_PREPROCESSOR_DEFINITIONS = (
					"DEBUG=1",
					"$(inherited)",
				);
				GCC_SYMBOLS_PRIVATE_EXTERN = NO;
				GCC_WARN_64_TO_32_BIT_CONVERSION = YES;
				GCC_WARN_ABOUT_RETURN_TYPE = YES_ERROR;
				GCC_WARN_UNDECLARED_SELECTOR = YES;
				GCC_WARN_UNINITIALIZED_AUTOS = YES_AGGRESSIVE;
				GCC_WARN_UNUSED_FUNCTION = YES;
				GCC_WARN_UNUSED_VARIABLE = YES;
				IPHONEOS_DEPLOYMENT_TARGET = 8.2;
				MTL_ENABLE_DEBUG_INFO = YES;
				ONLY_ACTIVE_ARCH = YES;
				SDKROOT = iphoneos;
			};
			name = Debug;
		};
		916D58161AB9E03400069815 /* Release */ = {
			isa = XCBuildConfiguration;
			buildSettings = {
				ALWAYS_SEARCH_USER_PATHS = NO;
				CLANG_CXX_LANGUAGE_STANDARD = "gnu++0x";
				CLANG_CXX_LIBRARY = "libc++";
				CLANG_ENABLE_MODULES = YES;
				CLANG_ENABLE_OBJC_ARC = YES;
				CLANG_WARN_BOOL_CONVERSION = YES;
				CLANG_WARN_CONSTANT_CONVERSION = YES;
				CLANG_WARN_DIRECT_OBJC_ISA_USAGE = YES_ERROR;
				CLANG_WARN_EMPTY_BODY = YES;
				CLANG_WARN_ENUM_CONVERSION = YES;
				CLANG_WARN_INT_CONVERSION = YES;
				CLANG_WARN_OBJC_ROOT_CLASS = YES_ERROR;
				CLANG_WARN_UNREACHABLE_CODE = YES;
				CLANG_WARN__DUPLICATE_METHOD_MATCH = YES;
				"CODE_SIGN_IDENTITY[sdk=iphoneos*]" = "iPhone Developer";
				COPY_PHASE_STRIP = NO;
				ENABLE_NS_ASSERTIONS = NO;
				ENABLE_STRICT_OBJC_MSGSEND = YES;
				GCC_C_LANGUAGE_STANDARD = gnu99;
				GCC_WARN_64_TO_32_BIT_CONVERSION = YES;
				GCC_WARN_ABOUT_RETURN_TYPE = YES_ERROR;
				GCC_WARN_UNDECLARED_SELECTOR = YES;
				GCC_WARN_UNINITIALIZED_AUTOS = YES_AGGRESSIVE;
				GCC_WARN_UNUSED_FUNCTION = YES;
				GCC_WARN_UNUSED_VARIABLE = YES;
				IPHONEOS_DEPLOYMENT_TARGET = 8.2;
				MTL_ENABLE_DEBUG_INFO = NO;
				SDKROOT = iphoneos;
				VALIDATE_PRODUCT = YES;
			};
			name = Release;
		};
		916D58181AB9E03400069815 /* Debug */ = {
			isa = XCBuildConfiguration;
			buildSettings = {
				ASSETCATALOG_COMPILER_APPICON_NAME = AppIcon;
				INFOPLIST_FILE = Signed/Info.plist;
				IPHONEOS_DEPLOYMENT_TARGET = 8.0;
				LD_RUNPATH_SEARCH_PATHS = "$(inherited) @executable_path/Frameworks";
				PRODUCT_NAME = "$(TARGET_NAME)";
			};
			name = Debug;
		};
		916D58191AB9E03400069815 /* Release */ = {
			isa = XCBuildConfiguration;
			buildSettings = {
				ASSETCATALOG_COMPILER_APPICON_NAME = AppIcon;
				INFOPLIST_FILE = Signed/Info.plist;
				IPHONEOS_DEPLOYMENT_TARGET = 8.0;
				LD_RUNPATH_SEARCH_PATHS = "$(inherited) @executable_path/Frameworks";
				PRODUCT_NAME = "$(TARGET_NAME)";
			};
			name = Release;
		};
		916D581B1AB9E03400069815 /* Debug */ = {
			isa = XCBuildConfiguration;
			buildSettings = {
				BUNDLE_LOADER = "$(TEST_HOST)";
				FRAMEWORK_SEARCH_PATHS = (
					"$(SDKROOT)/Developer/Library/Frameworks",
					"$(inherited)",
				);
				GCC_PREPROCESSOR_DEFINITIONS = (
					"DEBUG=1",
					"$(inherited)",
				);
				INFOPLIST_FILE = SignedTests/Info.plist;
				LD_RUNPATH_SEARCH_PATHS = "$(inherited) @executable_path/Frameworks @loader_path/Frameworks";
				PRODUCT_NAME = "$(TARGET_NAME)";
				TEST_HOST = "$(BUILT_PRODUCTS_DIR)/Signed.app/Signed";
			};
			name = Debug;
		};
		916D581C1AB9E03400069815 /* Release */ = {
			isa = XCBuildConfiguration;
			buildSettings = {
				BUNDLE_LOADER = "$(TEST_HOST)";
				FRAMEWORK_SEARCH_PATHS = (
					"$(SDKROOT)/Developer/Library/Frameworks",
					"$(inherited)",
				);
				INFOPLIST_FILE = SignedTests/Info.plist;
				LD_RUNPATH_SEARCH_PATHS = "$(inherited) @executable_path/Frameworks @loader_path/Frameworks";
				PRODUCT_NAME = "$(TARGET_NAME)";
				TEST_HOST = "$(BUILT_PRODUCTS_DIR)/Signed.app/Signed";
			};
			name = Release;
		};
/* End XCBuildConfiguration section */

/* Begin XCConfigurationList section */
		916D57EC1AB9E03400069815 /* Build configuration list for PBXProject "Signed" */ = {
			isa = XCConfigurationList;
			buildConfigurations = (
				916D58151AB9E03400069815 /* Debug */,
				916D58161AB9E03400069815 /* Release */,
			);
			defaultConfigurationIsVisible = 0;
			defaultConfigurationName = Release;
		};
		916D58171AB9E03400069815 /* Build configuration list for PBXNativeTarget "Signed" */ = {
			isa = XCConfigurationList;
			buildConfigurations = (
				916D58181AB9E03400069815 /* Debug */,
				916D58191AB9E03400069815 /* Release */,
			);
			defaultConfigurationIsVisible = 0;
			defaultConfigurationName = Release;
		};
		916D581A1AB9E03400069815 /* Build configuration list for PBXNativeTarget "SignedTests" */ = {
			isa = XCConfigurationList;
			buildConfigurations = (
				916D581B1AB9E03400069815 /* Debug */,
				916D581C1AB9E03400069815 /* Release */,
			);
			defaultConfigurationIsVisible = 0;
			defaultConfigurationName = Release;
		};
/* End XCConfigurationList section */

/* Begin XCVersionGroup section */
		916D57FB1AB9E03400069815 /* Signed.xcdatamodeld */ = {
			isa = XCVersionGroup;
			children = (
				916D57FC1AB9E03400069815 /* Signed.xcdatamodel */,
			);
			currentVersion = 916D57FC1AB9E03400069815 /* Signed.xcdatamodel */;
			path = Signed.xcdatamodeld;
			sourceTree = "<group>";
			versionGroupType = wrapper.xcdatamodel;
		};
/* End XCVersionGroup section */
	};
	rootObject = 916D57E91AB9E03400069815 /* Project object */;
}
