// !$*UTF8*$!
{
	archiveVersion = 1;
	classes = {
	};
	objectVersion = 46;
	objects = {

/* Begin PBXBuildFile section */
		737299942822FDBE117A0183 /* libPods.a in Frameworks */ = {isa = PBXBuildFile; fileRef = 9F3D5A0065A30C27730932B7 /* libPods.a */; };
		911E798D1AC8A3B7004DB7F6 /* ColorButtonAnimator.m in Sources */ = {isa = PBXBuildFile; fileRef = 911E798C1AC8A3B7004DB7F6 /* ColorButtonAnimator.m */; };
		912B5ADE1ABED873000B044D /* AddSignatureViewController.m in Sources */ = {isa = PBXBuildFile; fileRef = 912B5ADD1ABED873000B044D /* AddSignatureViewController.m */; };
		914764251AECFF5A00E663A0 /* SignatureLine.m in Sources */ = {isa = PBXBuildFile; fileRef = 914764201AECFF5A00E663A0 /* SignatureLine.m */; };
		914764261AECFF5A00E663A0 /* SignaturePoint.m in Sources */ = {isa = PBXBuildFile; fileRef = 914764221AECFF5A00E663A0 /* SignaturePoint.m */; };
		914764271AECFF5A00E663A0 /* SignatureView.m in Sources */ = {isa = PBXBuildFile; fileRef = 914764241AECFF5A00E663A0 /* SignatureView.m */; };
		915382CD1ADED96800488489 /* SignButtonAnimator.m in Sources */ = {isa = PBXBuildFile; fileRef = 915382CC1ADED96800488489 /* SignButtonAnimator.m */; };
		9158ECAC1AC18A230028B20F /* SignatureTests.m in Sources */ = {isa = PBXBuildFile; fileRef = 9158ECAB1AC18A230028B20F /* SignatureTests.m */; };
		915E8C261AC30459005A1F9B /* PDFWriter.m in Sources */ = {isa = PBXBuildFile; fileRef = 915E8C251AC30459005A1F9B /* PDFWriter.m */; };
		915EF55D1ABADD1800EFDA67 /* SignatureViewController.m in Sources */ = {isa = PBXBuildFile; fileRef = 915EF55C1ABADD1800EFDA67 /* SignatureViewController.m */; };
		915EF5621ABAE87500EFDA67 /* DocumentCollectionViewCell.m in Sources */ = {isa = PBXBuildFile; fileRef = 915EF5601ABAE87500EFDA67 /* DocumentCollectionViewCell.m */; };
		915EF5631ABAE87500EFDA67 /* DocumentCollectionViewCell.xib in Resources */ = {isa = PBXBuildFile; fileRef = 915EF5611ABAE87500EFDA67 /* DocumentCollectionViewCell.xib */; };
		915F7C101AC1B39E004C1E47 /* FileEntity.m in Sources */ = {isa = PBXBuildFile; fileRef = 915F7C0F1AC1B39E004C1E47 /* FileEntity.m */; };
		915F7C131AC1B8EC004C1E47 /* NSManagedObjectContext+FetchedObjectWithURI.m in Sources */ = {isa = PBXBuildFile; fileRef = 915F7C121AC1B8EC004C1E47 /* NSManagedObjectContext+FetchedObjectWithURI.m */; };
		9161608F1B0D54D8005367CE /* ScreenShot.png in Resources */ = {isa = PBXBuildFile; fileRef = 9161608E1B0D54D8005367CE /* ScreenShot.png */; };
		916160911B0D571A005367CE /* ScreenShot1.png in Resources */ = {isa = PBXBuildFile; fileRef = 916160901B0D571A005367CE /* ScreenShot1.png */; };
		916D57F71AB9E03400069815 /* main.m in Sources */ = {isa = PBXBuildFile; fileRef = 916D57F61AB9E03400069815 /* main.m */; };
		916D57FA1AB9E03400069815 /* AppDelegate.m in Sources */ = {isa = PBXBuildFile; fileRef = 916D57F91AB9E03400069815 /* AppDelegate.m */; };
		916D57FD1AB9E03400069815 /* Signed.xcdatamodeld in Sources */ = {isa = PBXBuildFile; fileRef = 916D57FB1AB9E03400069815 /* Signed.xcdatamodeld */; };
		916D58001AB9E03400069815 /* HistoryViewController.m in Sources */ = {isa = PBXBuildFile; fileRef = 916D57FF1AB9E03400069815 /* HistoryViewController.m */; };
		916D58031AB9E03400069815 /* Main.storyboard in Resources */ = {isa = PBXBuildFile; fileRef = 916D58011AB9E03400069815 /* Main.storyboard */; };
		916D58051AB9E03400069815 /* Images.xcassets in Resources */ = {isa = PBXBuildFile; fileRef = 916D58041AB9E03400069815 /* Images.xcassets */; };
		916D58081AB9E03400069815 /* LaunchScreen.xib in Resources */ = {isa = PBXBuildFile; fileRef = 916D58061AB9E03400069815 /* LaunchScreen.xib */; };
		916D58141AB9E03400069815 /* SignedTests.m in Sources */ = {isa = PBXBuildFile; fileRef = 916D58131AB9E03400069815 /* SignedTests.m */; };
		916D58241AB9E16000069815 /* DetailViewController.m in Sources */ = {isa = PBXBuildFile; fileRef = 916D58231AB9E16000069815 /* DetailViewController.m */; };
		916D582A1AB9E6EB00069815 /* Line.m in Sources */ = {isa = PBXBuildFile; fileRef = 916D58271AB9E6EB00069815 /* Line.m */; };
		916D582B1AB9E6EB00069815 /* LineSmoothHelper.m in Sources */ = {isa = PBXBuildFile; fileRef = 916D58291AB9E6EB00069815 /* LineSmoothHelper.m */; };
		916D582E1AB9E6F600069815 /* UIBezierPath+Subline.m in Sources */ = {isa = PBXBuildFile; fileRef = 916D582D1AB9E6F600069815 /* UIBezierPath+Subline.m */; };
		916D58311AB9E70200069815 /* SignatureMaker.m in Sources */ = {isa = PBXBuildFile; fileRef = 916D58301AB9E70200069815 /* SignatureMaker.m */; };
		916EE6C71AC17CA400E8303E /* DocumentTests.m in Sources */ = {isa = PBXBuildFile; fileRef = 916EE6C61AC17CA400E8303E /* DocumentTests.m */; };
		9171816E1AE7DEC7009C3967 /* NavigationViewController.m in Sources */ = {isa = PBXBuildFile; fileRef = 9171816D1AE7DEC7009C3967 /* NavigationViewController.m */; };
		917181711AE7E30A009C3967 /* MasterViewController.m in Sources */ = {isa = PBXBuildFile; fileRef = 917181701AE7E30A009C3967 /* MasterViewController.m */; };
		91DFCFEB1AC1D8F50005D4E0 /* SignatureProcessManager.m in Sources */ = {isa = PBXBuildFile; fileRef = 91DFCFEA1AC1D8F50005D4E0 /* SignatureProcessManager.m */; };
		91E505A81ABEDD6F0063DA7B /* Document.m in Sources */ = {isa = PBXBuildFile; fileRef = 91E505A71ABEDD6F0063DA7B /* Document.m */; };
		91E505AB1ABF3B370063DA7B /* Signature.m in Sources */ = {isa = PBXBuildFile; fileRef = 91E505AA1ABF3B370063DA7B /* Signature.m */; };
		91E505AF1ABF41E40063DA7B /* DocumentManager.m in Sources */ = {isa = PBXBuildFile; fileRef = 91E505AE1ABF41E40063DA7B /* DocumentManager.m */; };
		D0F03B6AFD57DE3438E6E237 /* libPods.a in Frameworks */ = {isa = PBXBuildFile; fileRef = 9F3D5A0065A30C27730932B7 /* libPods.a */; };
/* End PBXBuildFile section */

/* Begin PBXContainerItemProxy section */
		916D580E1AB9E03400069815 /* PBXContainerItemProxy */ = {
			isa = PBXContainerItemProxy;
			containerPortal = 916D57E91AB9E03400069815 /* Project object */;
			proxyType = 1;
			remoteGlobalIDString = 916D57F01AB9E03400069815;
			remoteInfo = Signed;
		};
/* End PBXContainerItemProxy section */

/* Begin PBXCopyFilesBuildPhase section */
		91E505C31ABF63A70063DA7B /* Embed App Extensions */ = {
			isa = PBXCopyFilesBuildPhase;
			buildActionMask = 2147483647;
			dstPath = "";
			dstSubfolderSpec = 13;
			files = (
			);
			name = "Embed App Extensions";
			runOnlyForDeploymentPostprocessing = 0;
		};
/* End PBXCopyFilesBuildPhase section */

/* Begin PBXFileReference section */
		911E798B1AC8A3B7004DB7F6 /* ColorButtonAnimator.h */ = {isa = PBXFileReference; fileEncoding = 4; lastKnownFileType = sourcecode.c.h; path = ColorButtonAnimator.h; sourceTree = "<group>"; };
		911E798C1AC8A3B7004DB7F6 /* ColorButtonAnimator.m */ = {isa = PBXFileReference; fileEncoding = 4; lastKnownFileType = sourcecode.c.objc; path = ColorButtonAnimator.m; sourceTree = "<group>"; };
		912B5ADC1ABED873000B044D /* AddSignatureViewController.h */ = {isa = PBXFileReference; fileEncoding = 4; lastKnownFileType = sourcecode.c.h; path = AddSignatureViewController.h; sourceTree = "<group>"; };
		912B5ADD1ABED873000B044D /* AddSignatureViewController.m */ = {isa = PBXFileReference; fileEncoding = 4; lastKnownFileType = sourcecode.c.objc; path = AddSignatureViewController.m; sourceTree = "<group>"; };
		9147641F1AECFF5A00E663A0 /* SignatureLine.h */ = {isa = PBXFileReference; fileEncoding = 4; lastKnownFileType = sourcecode.c.h; path = SignatureLine.h; sourceTree = "<group>"; };
		914764201AECFF5A00E663A0 /* SignatureLine.m */ = {isa = PBXFileReference; fileEncoding = 4; lastKnownFileType = sourcecode.c.objc; path = SignatureLine.m; sourceTree = "<group>"; };
		914764211AECFF5A00E663A0 /* SignaturePoint.h */ = {isa = PBXFileReference; fileEncoding = 4; lastKnownFileType = sourcecode.c.h; path = SignaturePoint.h; sourceTree = "<group>"; };
		914764221AECFF5A00E663A0 /* SignaturePoint.m */ = {isa = PBXFileReference; fileEncoding = 4; lastKnownFileType = sourcecode.c.objc; path = SignaturePoint.m; sourceTree = "<group>"; };
		914764231AECFF5A00E663A0 /* SignatureView.h */ = {isa = PBXFileReference; fileEncoding = 4; lastKnownFileType = sourcecode.c.h; path = SignatureView.h; sourceTree = "<group>"; };
		914764241AECFF5A00E663A0 /* SignatureView.m */ = {isa = PBXFileReference; fileEncoding = 4; lastKnownFileType = sourcecode.c.objc; path = SignatureView.m; sourceTree = "<group>"; };
		915382CB1ADED96800488489 /* SignButtonAnimator.h */ = {isa = PBXFileReference; fileEncoding = 4; lastKnownFileType = sourcecode.c.h; path = SignButtonAnimator.h; sourceTree = "<group>"; };
		915382CC1ADED96800488489 /* SignButtonAnimator.m */ = {isa = PBXFileReference; fileEncoding = 4; lastKnownFileType = sourcecode.c.objc; path = SignButtonAnimator.m; sourceTree = "<group>"; };
		9158ECAB1AC18A230028B20F /* SignatureTests.m */ = {isa = PBXFileReference; fileEncoding = 4; lastKnownFileType = sourcecode.c.objc; path = SignatureTests.m; sourceTree = "<group>"; };
		915E8C241AC30459005A1F9B /* PDFWriter.h */ = {isa = PBXFileReference; fileEncoding = 4; lastKnownFileType = sourcecode.c.h; path = PDFWriter.h; sourceTree = "<group>"; };
		915E8C251AC30459005A1F9B /* PDFWriter.m */ = {isa = PBXFileReference; fileEncoding = 4; lastKnownFileType = sourcecode.c.objc; path = PDFWriter.m; sourceTree = "<group>"; };
		915EF55B1ABADD1800EFDA67 /* SignatureViewController.h */ = {isa = PBXFileReference; fileEncoding = 4; lastKnownFileType = sourcecode.c.h; path = SignatureViewController.h; sourceTree = "<group>"; };
		915EF55C1ABADD1800EFDA67 /* SignatureViewController.m */ = {isa = PBXFileReference; fileEncoding = 4; lastKnownFileType = sourcecode.c.objc; path = SignatureViewController.m; sourceTree = "<group>"; };
		915EF55F1ABAE87500EFDA67 /* DocumentCollectionViewCell.h */ = {isa = PBXFileReference; fileEncoding = 4; lastKnownFileType = sourcecode.c.h; path = DocumentCollectionViewCell.h; sourceTree = "<group>"; };
		915EF5601ABAE87500EFDA67 /* DocumentCollectionViewCell.m */ = {isa = PBXFileReference; fileEncoding = 4; lastKnownFileType = sourcecode.c.objc; path = DocumentCollectionViewCell.m; sourceTree = "<group>"; };
		915EF5611ABAE87500EFDA67 /* DocumentCollectionViewCell.xib */ = {isa = PBXFileReference; fileEncoding = 4; lastKnownFileType = file.xib; path = DocumentCollectionViewCell.xib; sourceTree = "<group>"; };
		915F7C0E1AC1B39E004C1E47 /* FileEntity.h */ = {isa = PBXFileReference; fileEncoding = 4; lastKnownFileType = sourcecode.c.h; path = FileEntity.h; sourceTree = "<group>"; };
		915F7C0F1AC1B39E004C1E47 /* FileEntity.m */ = {isa = PBXFileReference; fileEncoding = 4; lastKnownFileType = sourcecode.c.objc; path = FileEntity.m; sourceTree = "<group>"; };
		915F7C111AC1B8EC004C1E47 /* NSManagedObjectContext+FetchedObjectWithURI.h */ = {isa = PBXFileReference; fileEncoding = 4; lastKnownFileType = sourcecode.c.h; path = "NSManagedObjectContext+FetchedObjectWithURI.h"; sourceTree = "<group>"; };
		915F7C121AC1B8EC004C1E47 /* NSManagedObjectContext+FetchedObjectWithURI.m */ = {isa = PBXFileReference; fileEncoding = 4; lastKnownFileType = sourcecode.c.objc; path = "NSManagedObjectContext+FetchedObjectWithURI.m"; sourceTree = "<group>"; };
		9161608E1B0D54D8005367CE /* ScreenShot.png */ = {isa = PBXFileReference; lastKnownFileType = image.png; path = ScreenShot.png; sourceTree = "<group>"; };
		916160901B0D571A005367CE /* ScreenShot1.png */ = {isa = PBXFileReference; lastKnownFileType = image.png; path = ScreenShot1.png; sourceTree = "<group>"; };
		916D57F11AB9E03400069815 /* Signed.app */ = {isa = PBXFileReference; explicitFileType = wrapper.application; includeInIndex = 0; path = Signed.app; sourceTree = BUILT_PRODUCTS_DIR; };
		916D57F51AB9E03400069815 /* Info.plist */ = {isa = PBXFileReference; lastKnownFileType = text.plist.xml; path = Info.plist; sourceTree = "<group>"; };
		916D57F61AB9E03400069815 /* main.m */ = {isa = PBXFileReference; lastKnownFileType = sourcecode.c.objc; path = main.m; sourceTree = "<group>"; };
		916D57F81AB9E03400069815 /* AppDelegate.h */ = {isa = PBXFileReference; lastKnownFileType = sourcecode.c.h; path = AppDelegate.h; sourceTree = "<group>"; };
		916D57F91AB9E03400069815 /* AppDelegate.m */ = {isa = PBXFileReference; lastKnownFileType = sourcecode.c.objc; path = AppDelegate.m; sourceTree = "<group>"; };
		916D57FC1AB9E03400069815 /* Signed.xcdatamodel */ = {isa = PBXFileReference; lastKnownFileType = wrapper.xcdatamodel; path = Signed.xcdatamodel; sourceTree = "<group>"; };
		916D57FE1AB9E03400069815 /* HistoryViewController.h */ = {isa = PBXFileReference; lastKnownFileType = sourcecode.c.h; path = HistoryViewController.h; sourceTree = "<group>"; };
		916D57FF1AB9E03400069815 /* HistoryViewController.m */ = {isa = PBXFileReference; lastKnownFileType = sourcecode.c.objc; path = HistoryViewController.m; sourceTree = "<group>"; };
		916D58021AB9E03400069815 /* Base */ = {isa = PBXFileReference; lastKnownFileType = file.storyboard; name = Base; path = Base.lproj/Main.storyboard; sourceTree = "<group>"; };
		916D58041AB9E03400069815 /* Images.xcassets */ = {isa = PBXFileReference; lastKnownFileType = folder.assetcatalog; path = Images.xcassets; sourceTree = "<group>"; };
		916D58071AB9E03400069815 /* Base */ = {isa = PBXFileReference; lastKnownFileType = file.xib; name = Base; path = Base.lproj/LaunchScreen.xib; sourceTree = "<group>"; };
		916D580D1AB9E03400069815 /* SignedTests.xctest */ = {isa = PBXFileReference; explicitFileType = wrapper.cfbundle; includeInIndex = 0; path = SignedTests.xctest; sourceTree = BUILT_PRODUCTS_DIR; };
		916D58121AB9E03400069815 /* Info.plist */ = {isa = PBXFileReference; lastKnownFileType = text.plist.xml; path = Info.plist; sourceTree = "<group>"; };
		916D58131AB9E03400069815 /* SignedTests.m */ = {isa = PBXFileReference; lastKnownFileType = sourcecode.c.objc; path = SignedTests.m; sourceTree = "<group>"; };
		916D58221AB9E16000069815 /* DetailViewController.h */ = {isa = PBXFileReference; fileEncoding = 4; lastKnownFileType = sourcecode.c.h; path = DetailViewController.h; sourceTree = "<group>"; };
		916D58231AB9E16000069815 /* DetailViewController.m */ = {isa = PBXFileReference; fileEncoding = 4; lastKnownFileType = sourcecode.c.objc; path = DetailViewController.m; sourceTree = "<group>"; };
		916D58261AB9E6EB00069815 /* Line.h */ = {isa = PBXFileReference; fileEncoding = 4; lastKnownFileType = sourcecode.c.h; path = Line.h; sourceTree = "<group>"; };
		916D58271AB9E6EB00069815 /* Line.m */ = {isa = PBXFileReference; fileEncoding = 4; lastKnownFileType = sourcecode.c.objc; path = Line.m; sourceTree = "<group>"; };
		916D58281AB9E6EB00069815 /* LineSmoothHelper.h */ = {isa = PBXFileReference; fileEncoding = 4; lastKnownFileType = sourcecode.c.h; path = LineSmoothHelper.h; sourceTree = "<group>"; };
		916D58291AB9E6EB00069815 /* LineSmoothHelper.m */ = {isa = PBXFileReference; fileEncoding = 4; lastKnownFileType = sourcecode.c.objc; path = LineSmoothHelper.m; sourceTree = "<group>"; };
		916D582C1AB9E6F600069815 /* UIBezierPath+Subline.h */ = {isa = PBXFileReference; fileEncoding = 4; lastKnownFileType = sourcecode.c.h; path = "UIBezierPath+Subline.h"; sourceTree = "<group>"; };
		916D582D1AB9E6F600069815 /* UIBezierPath+Subline.m */ = {isa = PBXFileReference; fileEncoding = 4; lastKnownFileType = sourcecode.c.objc; path = "UIBezierPath+Subline.m"; sourceTree = "<group>"; };
		916D582F1AB9E70200069815 /* SignatureMaker.h */ = {isa = PBXFileReference; fileEncoding = 4; lastKnownFileType = sourcecode.c.h; path = SignatureMaker.h; sourceTree = "<group>"; };
		916D58301AB9E70200069815 /* SignatureMaker.m */ = {isa = PBXFileReference; fileEncoding = 4; lastKnownFileType = sourcecode.c.objc; path = SignatureMaker.m; sourceTree = "<group>"; };
		916EE6C61AC17CA400E8303E /* DocumentTests.m */ = {isa = PBXFileReference; fileEncoding = 4; lastKnownFileType = sourcecode.c.objc; path = DocumentTests.m; sourceTree = "<group>"; };
		9171816C1AE7DEC7009C3967 /* NavigationViewController.h */ = {isa = PBXFileReference; fileEncoding = 4; lastKnownFileType = sourcecode.c.h; path = NavigationViewController.h; sourceTree = "<group>"; };
		9171816D1AE7DEC7009C3967 /* NavigationViewController.m */ = {isa = PBXFileReference; fileEncoding = 4; lastKnownFileType = sourcecode.c.objc; path = NavigationViewController.m; sourceTree = "<group>"; };
		9171816F1AE7E30A009C3967 /* MasterViewController.h */ = {isa = PBXFileReference; fileEncoding = 4; lastKnownFileType = sourcecode.c.h; path = MasterViewController.h; sourceTree = "<group>"; };
		917181701AE7E30A009C3967 /* MasterViewController.m */ = {isa = PBXFileReference; fileEncoding = 4; lastKnownFileType = sourcecode.c.objc; path = MasterViewController.m; sourceTree = "<group>"; };
		91CAE9761AC739DB0070391A /* Signed.profdata */ = {isa = PBXFileReference; lastKnownFileType = file; path = Signed.profdata; sourceTree = "<group>"; };
		91DFCFE91AC1D8F50005D4E0 /* SignatureProcessManager.h */ = {isa = PBXFileReference; fileEncoding = 4; lastKnownFileType = sourcecode.c.h; path = SignatureProcessManager.h; sourceTree = "<group>"; };
		91DFCFEA1AC1D8F50005D4E0 /* SignatureProcessManager.m */ = {isa = PBXFileReference; fileEncoding = 4; lastKnownFileType = sourcecode.c.objc; path = SignatureProcessManager.m; sourceTree = "<group>"; };
		91E505A61ABEDD6F0063DA7B /* Document.h */ = {isa = PBXFileReference; fileEncoding = 4; lastKnownFileType = sourcecode.c.h; path = Document.h; sourceTree = "<group>"; };
		91E505A71ABEDD6F0063DA7B /* Document.m */ = {isa = PBXFileReference; fileEncoding = 4; lastKnownFileType = sourcecode.c.objc; path = Document.m; sourceTree = "<group>"; };
		91E505A91ABF3B370063DA7B /* Signature.h */ = {isa = PBXFileReference; fileEncoding = 4; lastKnownFileType = sourcecode.c.h; path = Signature.h; sourceTree = "<group>"; };
		91E505AA1ABF3B370063DA7B /* Signature.m */ = {isa = PBXFileReference; fileEncoding = 4; lastKnownFileType = sourcecode.c.objc; path = Signature.m; sourceTree = "<group>"; };
		91E505AD1ABF41E40063DA7B /* DocumentManager.h */ = {isa = PBXFileReference; fileEncoding = 4; lastKnownFileType = sourcecode.c.h; path = DocumentManager.h; sourceTree = "<group>"; };
		91E505AE1ABF41E40063DA7B /* DocumentManager.m */ = {isa = PBXFileReference; fileEncoding = 4; lastKnownFileType = sourcecode.c.objc; path = DocumentManager.m; sourceTree = "<group>"; };
		9ADDC97AA233542929F78FA5 /* Pods.release.xcconfig */ = {isa = PBXFileReference; includeInIndex = 1; lastKnownFileType = text.xcconfig; name = Pods.release.xcconfig; path = "Pods/Target Support Files/Pods/Pods.release.xcconfig"; sourceTree = "<group>"; };
		9F3D5A0065A30C27730932B7 /* libPods.a */ = {isa = PBXFileReference; explicitFileType = archive.ar; includeInIndex = 0; path = libPods.a; sourceTree = BUILT_PRODUCTS_DIR; };
		BBDB32DF741963639FFF9C9A /* Pods.debug.xcconfig */ = {isa = PBXFileReference; includeInIndex = 1; lastKnownFileType = text.xcconfig; name = Pods.debug.xcconfig; path = "Pods/Target Support Files/Pods/Pods.debug.xcconfig"; sourceTree = "<group>"; };
/* End PBXFileReference section */

/* Begin PBXFrameworksBuildPhase section */
		916D57EE1AB9E03400069815 /* Frameworks */ = {
			isa = PBXFrameworksBuildPhase;
			buildActionMask = 2147483647;
			files = (
				D0F03B6AFD57DE3438E6E237 /* libPods.a in Frameworks */,
			);
			runOnlyForDeploymentPostprocessing = 0;
		};
		916D580A1AB9E03400069815 /* Frameworks */ = {
			isa = PBXFrameworksBuildPhase;
			buildActionMask = 2147483647;
			files = (
				737299942822FDBE117A0183 /* libPods.a in Frameworks */,
			);
			runOnlyForDeploymentPostprocessing = 0;
		};
/* End PBXFrameworksBuildPhase section */

/* Begin PBXGroup section */
		2986CB401833A7BA309AB688 /* Frameworks */ = {
			isa = PBXGroup;
			children = (
				9F3D5A0065A30C27730932B7 /* libPods.a */,
			);
			name = Frameworks;
			sourceTree = "<group>";
		};
		911E798A1AC8A33B004DB7F6 /* Animators */ = {
			isa = PBXGroup;
			children = (
				911E798B1AC8A3B7004DB7F6 /* ColorButtonAnimator.h */,
				911E798C1AC8A3B7004DB7F6 /* ColorButtonAnimator.m */,
				915382CB1ADED96800488489 /* SignButtonAnimator.h */,
				915382CC1ADED96800488489 /* SignButtonAnimator.m */,
			);
			name = Animators;
			sourceTree = "<group>";
		};
		912B5ADF1ABED879000B044D /* Add */ = {
			isa = PBXGroup;
			children = (
				912B5ADC1ABED873000B044D /* AddSignatureViewController.h */,
				912B5ADD1ABED873000B044D /* AddSignatureViewController.m */,
			);
			name = Add;
			sourceTree = "<group>";
		};
		912B5AE01ABED892000B044D /* Models */ = {
			isa = PBXGroup;
			children = (
				9147641E1AECFF3C00E663A0 /* New Signature Class */,
				916D58251AB9E6B000069815 /* Signature */,
				917181751AE7EDA9009C3967 /* Document Management */,
			);
			name = Models;
			sourceTree = "<group>";
		};
		9147641E1AECFF3C00E663A0 /* New Signature Class */ = {
			isa = PBXGroup;
			children = (
				9147641F1AECFF5A00E663A0 /* SignatureLine.h */,
				914764201AECFF5A00E663A0 /* SignatureLine.m */,
				914764211AECFF5A00E663A0 /* SignaturePoint.h */,
				914764221AECFF5A00E663A0 /* SignaturePoint.m */,
				914764231AECFF5A00E663A0 /* SignatureView.h */,
				914764241AECFF5A00E663A0 /* SignatureView.m */,
			);
			name = "New Signature Class";
			sourceTree = "<group>";
		};
		915EF55E1ABAE57F00EFDA67 /* Signature */ = {
			isa = PBXGroup;
			children = (
				915EF55B1ABADD1800EFDA67 /* SignatureViewController.h */,
				915EF55C1ABADD1800EFDA67 /* SignatureViewController.m */,
			);
			name = Signature;
			sourceTree = "<group>";
		};
		915EF5641ABAF9E400EFDA67 /* Document Cell */ = {
			isa = PBXGroup;
			children = (
				915EF55F1ABAE87500EFDA67 /* DocumentCollectionViewCell.h */,
				915EF5601ABAE87500EFDA67 /* DocumentCollectionViewCell.m */,
				915EF5611ABAE87500EFDA67 /* DocumentCollectionViewCell.xib */,
			);
			name = "Document Cell";
			sourceTree = "<group>";
		};
		916160921B0D5725005367CE /* ScreenShots */ = {
			isa = PBXGroup;
			children = (
				9161608E1B0D54D8005367CE /* ScreenShot.png */,
				916160901B0D571A005367CE /* ScreenShot1.png */,
			);
			name = ScreenShots;
			sourceTree = "<group>";
		};
		916D57E81AB9E03400069815 = {
			isa = PBXGroup;
			children = (
				916D57F31AB9E03400069815 /* Signed */,
				916D58101AB9E03400069815 /* SignedTests */,
				916D57F21AB9E03400069815 /* Products */,
				E1A51D41CABC17A1B039F25F /* Pods */,
				2986CB401833A7BA309AB688 /* Frameworks */,
				91CAE9751AC739DB0070391A /* OptimizationProfiles */,
			);
			sourceTree = "<group>";
		};
		916D57F21AB9E03400069815 /* Products */ = {
			isa = PBXGroup;
			children = (
				916D57F11AB9E03400069815 /* Signed.app */,
				916D580D1AB9E03400069815 /* SignedTests.xctest */,
			);
			name = Products;
			sourceTree = "<group>";
		};
		916D57F31AB9E03400069815 /* Signed */ = {
			isa = PBXGroup;
			children = (
				916160921B0D5725005367CE /* ScreenShots */,
				916D58011AB9E03400069815 /* Main.storyboard */,
				917181731AE7ED44009C3967 /* Base */,
				916D581D1AB9E07000069815 /* View Controllers */,
				911E798A1AC8A33B004DB7F6 /* Animators */,
				91E505AC1ABF41CD0063DA7B /* Utilities */,
				912B5AE01ABED892000B044D /* Models */,
				916D57F81AB9E03400069815 /* AppDelegate.h */,
				916D57F91AB9E03400069815 /* AppDelegate.m */,
				916D58041AB9E03400069815 /* Images.xcassets */,
				916D58061AB9E03400069815 /* LaunchScreen.xib */,
				916D57FB1AB9E03400069815 /* Signed.xcdatamodeld */,
				916D57F41AB9E03400069815 /* Supporting Files */,
			);
			path = Signed;
			sourceTree = "<group>";
		};
		916D57F41AB9E03400069815 /* Supporting Files */ = {
			isa = PBXGroup;
			children = (
				916D57F51AB9E03400069815 /* Info.plist */,
				916D57F61AB9E03400069815 /* main.m */,
			);
			name = "Supporting Files";
			sourceTree = "<group>";
		};
		916D58101AB9E03400069815 /* SignedTests */ = {
			isa = PBXGroup;
			children = (
				916D58131AB9E03400069815 /* SignedTests.m */,
				916D58111AB9E03400069815 /* Supporting Files */,
				916EE6C61AC17CA400E8303E /* DocumentTests.m */,
				9158ECAB1AC18A230028B20F /* SignatureTests.m */,
			);
			path = SignedTests;
			sourceTree = "<group>";
		};
		916D58111AB9E03400069815 /* Supporting Files */ = {
			isa = PBXGroup;
			children = (
				916D58121AB9E03400069815 /* Info.plist */,
			);
			name = "Supporting Files";
			sourceTree = "<group>";
		};
		916D581D1AB9E07000069815 /* View Controllers */ = {
			isa = PBXGroup;
			children = (
				916D581E1AB9E0CC00069815 /* History */,
				916D581F1AB9E10300069815 /* Detail */,
				915EF55E1ABAE57F00EFDA67 /* Signature */,
				912B5ADF1ABED879000B044D /* Add */,
			);
			name = "View Controllers";
			sourceTree = "<group>";
		};
		916D581E1AB9E0CC00069815 /* History */ = {
			isa = PBXGroup;
			children = (
				915EF5641ABAF9E400EFDA67 /* Document Cell */,
				916D57FE1AB9E03400069815 /* HistoryViewController.h */,
				916D57FF1AB9E03400069815 /* HistoryViewController.m */,
			);
			name = History;
			sourceTree = "<group>";
		};
		916D581F1AB9E10300069815 /* Detail */ = {
			isa = PBXGroup;
			children = (
				916D58221AB9E16000069815 /* DetailViewController.h */,
				916D58231AB9E16000069815 /* DetailViewController.m */,
			);
			name = Detail;
			sourceTree = "<group>";
		};
		916D58251AB9E6B000069815 /* Signature */ = {
			isa = PBXGroup;
			children = (
				916D582F1AB9E70200069815 /* SignatureMaker.h */,
				916D58301AB9E70200069815 /* SignatureMaker.m */,
				916D582C1AB9E6F600069815 /* UIBezierPath+Subline.h */,
				916D582D1AB9E6F600069815 /* UIBezierPath+Subline.m */,
				916D58261AB9E6EB00069815 /* Line.h */,
				916D58271AB9E6EB00069815 /* Line.m */,
				916D58281AB9E6EB00069815 /* LineSmoothHelper.h */,
				916D58291AB9E6EB00069815 /* LineSmoothHelper.m */,
			);
			name = Signature;
			sourceTree = "<group>";
		};
		917181721AE7E3CC009C3967 /* Master */ = {
			isa = PBXGroup;
			children = (
				9171816F1AE7E30A009C3967 /* MasterViewController.h */,
				917181701AE7E30A009C3967 /* MasterViewController.m */,
			);
			name = Master;
			sourceTree = "<group>";
		};
		917181731AE7ED44009C3967 /* Base */ = {
			isa = PBXGroup;
			children = (
				917181741AE7ED54009C3967 /* Navigation Controller */,
				917181721AE7E3CC009C3967 /* Master */,
			);
			name = Base;
			sourceTree = "<group>";
		};
		917181741AE7ED54009C3967 /* Navigation Controller */ = {
			isa = PBXGroup;
			children = (
				9171816C1AE7DEC7009C3967 /* NavigationViewController.h */,
				9171816D1AE7DEC7009C3967 /* NavigationViewController.m */,
			);
			name = "Navigation Controller";
			sourceTree = "<group>";
		};
		917181751AE7EDA9009C3967 /* Document Management */ = {
			isa = PBXGroup;
			children = (
				915F7C0E1AC1B39E004C1E47 /* FileEntity.h */,
				915F7C0F1AC1B39E004C1E47 /* FileEntity.m */,
				91E505A61ABEDD6F0063DA7B /* Document.h */,
				91E505A71ABEDD6F0063DA7B /* Document.m */,
				91E505A91ABF3B370063DA7B /* Signature.h */,
				91E505AA1ABF3B370063DA7B /* Signature.m */,
			);
			name = "Document Management";
			sourceTree = "<group>";
		};
		91CAE9751AC739DB0070391A /* OptimizationProfiles */ = {
			isa = PBXGroup;
			children = (
				91CAE9761AC739DB0070391A /* Signed.profdata */,
			);
			path = OptimizationProfiles;
			sourceTree = "<group>";
		};
		91E505AC1ABF41CD0063DA7B /* Utilities */ = {
			isa = PBXGroup;
			children = (
				91E505AD1ABF41E40063DA7B /* DocumentManager.h */,
				91E505AE1ABF41E40063DA7B /* DocumentManager.m */,
				91DFCFE91AC1D8F50005D4E0 /* SignatureProcessManager.h */,
				91DFCFEA1AC1D8F50005D4E0 /* SignatureProcessManager.m */,
				915F7C111AC1B8EC004C1E47 /* NSManagedObjectContext+FetchedObjectWithURI.h */,
				915F7C121AC1B8EC004C1E47 /* NSManagedObjectContext+FetchedObjectWithURI.m */,
				915E8C241AC30459005A1F9B /* PDFWriter.h */,
				915E8C251AC30459005A1F9B /* PDFWriter.m */,
			);
			name = Utilities;
			sourceTree = "<group>";
		};
		E1A51D41CABC17A1B039F25F /* Pods */ = {
			isa = PBXGroup;
			children = (
				BBDB32DF741963639FFF9C9A /* Pods.debug.xcconfig */,
				9ADDC97AA233542929F78FA5 /* Pods.release.xcconfig */,
			);
			name = Pods;
			sourceTree = "<group>";
		};
/* End PBXGroup section */

/* Begin PBXNativeTarget section */
		916D57F01AB9E03400069815 /* Signed */ = {
			isa = PBXNativeTarget;
			buildConfigurationList = 916D58171AB9E03400069815 /* Build configuration list for PBXNativeTarget "Signed" */;
			buildPhases = (
				1BBF687EFF3D667AFE1D6650 /* Check Pods Manifest.lock */,
				916D57ED1AB9E03400069815 /* Sources */,
				916D57EE1AB9E03400069815 /* Frameworks */,
				916D57EF1AB9E03400069815 /* Resources */,
				91E505C31ABF63A70063DA7B /* Embed App Extensions */,
				8069BD05EE0B46C3D4A96E0E /* Copy Pods Resources */,
			);
			buildRules = (
			);
			dependencies = (
			);
			name = Signed;
			productName = Signed;
			productReference = 916D57F11AB9E03400069815 /* Signed.app */;
			productType = "com.apple.product-type.application";
		};
		916D580C1AB9E03400069815 /* SignedTests */ = {
			isa = PBXNativeTarget;
			buildConfigurationList = 916D581A1AB9E03400069815 /* Build configuration list for PBXNativeTarget "SignedTests" */;
			buildPhases = (
				532C6E316484C81BCF9527C2 /* Check Pods Manifest.lock */,
				916D58091AB9E03400069815 /* Sources */,
				916D580A1AB9E03400069815 /* Frameworks */,
				916D580B1AB9E03400069815 /* Resources */,
				07361AFBBB524FA061567F70 /* Copy Pods Resources */,
			);
			buildRules = (
			);
			dependencies = (
				916D580F1AB9E03400069815 /* PBXTargetDependency */,
			);
			name = SignedTests;
			productName = SignedTests;
			productReference = 916D580D1AB9E03400069815 /* SignedTests.xctest */;
			productType = "com.apple.product-type.bundle.unit-test";
		};
/* End PBXNativeTarget section */

/* Begin PBXProject section */
		916D57E91AB9E03400069815 /* Project object */ = {
			isa = PBXProject;
			attributes = {
				LastUpgradeCheck = 0620;
				ORGANIZATIONNAME = "Jessie Serrino";
				TargetAttributes = {
					916D57F01AB9E03400069815 = {
						CreatedOnToolsVersion = 6.2;
						DevelopmentTeam = 2LA5QNWNJ3;
						SystemCapabilities = {
							com.apple.DataProtection = {
								enabled = 1;
							};
						};
					};
					916D580C1AB9E03400069815 = {
						CreatedOnToolsVersion = 6.2;
						DevelopmentTeam = 2LA5QNWNJ3;
						TestTargetID = 916D57F01AB9E03400069815;
					};
				};
			};
			buildConfigurationList = 916D57EC1AB9E03400069815 /* Build configuration list for PBXProject "Signed" */;
			compatibilityVersion = "Xcode 3.2";
			developmentRegion = English;
			hasScannedForEncodings = 0;
			knownRegions = (
				en,
				Base,
			);
			mainGroup = 916D57E81AB9E03400069815;
			productRefGroup = 916D57F21AB9E03400069815 /* Products */;
			projectDirPath = "";
			projectRoot = "";
			targets = (
				916D57F01AB9E03400069815 /* Signed */,
				916D580C1AB9E03400069815 /* SignedTests */,
			);
		};
/* End PBXProject section */

/* Begin PBXResourcesBuildPhase section */
		916D57EF1AB9E03400069815 /* Resources */ = {
			isa = PBXResourcesBuildPhase;
			buildActionMask = 2147483647;
			files = (
				916D58031AB9E03400069815 /* Main.storyboard in Resources */,
				915EF5631ABAE87500EFDA67 /* DocumentCollectionViewCell.xib in Resources */,
				9161608F1B0D54D8005367CE /* ScreenShot.png in Resources */,
				916160911B0D571A005367CE /* ScreenShot1.png in Resources */,
				916D58081AB9E03400069815 /* LaunchScreen.xib in Resources */,
				916D58051AB9E03400069815 /* Images.xcassets in Resources */,
			);
			runOnlyForDeploymentPostprocessing = 0;
		};
		916D580B1AB9E03400069815 /* Resources */ = {
			isa = PBXResourcesBuildPhase;
			buildActionMask = 2147483647;
			files = (
			);
			runOnlyForDeploymentPostprocessing = 0;
		};
/* End PBXResourcesBuildPhase section */

/* Begin PBXShellScriptBuildPhase section */
		07361AFBBB524FA061567F70 /* Copy Pods Resources */ = {
			isa = PBXShellScriptBuildPhase;
			buildActionMask = 2147483647;
			files = (
			);
			inputPaths = (
			);
			name = "Copy Pods Resources";
			outputPaths = (
			);
			runOnlyForDeploymentPostprocessing = 0;
			shellPath = /bin/sh;
			shellScript = "\"${SRCROOT}/Pods/Target Support Files/Pods/Pods-resources.sh\"\n";
			showEnvVarsInLog = 0;
		};
		1BBF687EFF3D667AFE1D6650 /* Check Pods Manifest.lock */ = {
			isa = PBXShellScriptBuildPhase;
			buildActionMask = 2147483647;
			files = (
			);
			inputPaths = (
			);
			name = "Check Pods Manifest.lock";
			outputPaths = (
			);
			runOnlyForDeploymentPostprocessing = 0;
			shellPath = /bin/sh;
			shellScript = "diff \"${PODS_ROOT}/../Podfile.lock\" \"${PODS_ROOT}/Manifest.lock\" > /dev/null\nif [[ $? != 0 ]] ; then\n    cat << EOM\nerror: The sandbox is not in sync with the Podfile.lock. Run 'pod install' or update your CocoaPods installation.\nEOM\n    exit 1\nfi\n";
			showEnvVarsInLog = 0;
		};
		532C6E316484C81BCF9527C2 /* Check Pods Manifest.lock */ = {
			isa = PBXShellScriptBuildPhase;
			buildActionMask = 2147483647;
			files = (
			);
			inputPaths = (
			);
			name = "Check Pods Manifest.lock";
			outputPaths = (
			);
			runOnlyForDeploymentPostprocessing = 0;
			shellPath = /bin/sh;
			shellScript = "diff \"${PODS_ROOT}/../Podfile.lock\" \"${PODS_ROOT}/Manifest.lock\" > /dev/null\nif [[ $? != 0 ]] ; then\n    cat << EOM\nerror: The sandbox is not in sync with the Podfile.lock. Run 'pod install' or update your CocoaPods installation.\nEOM\n    exit 1\nfi\n";
			showEnvVarsInLog = 0;
		};
		8069BD05EE0B46C3D4A96E0E /* Copy Pods Resources */ = {
			isa = PBXShellScriptBuildPhase;
			buildActionMask = 2147483647;
			files = (
			);
			inputPaths = (
			);
			name = "Copy Pods Resources";
			outputPaths = (
			);
			runOnlyForDeploymentPostprocessing = 0;
			shellPath = /bin/sh;
			shellScript = "\"${SRCROOT}/Pods/Target Support Files/Pods/Pods-resources.sh\"\n";
			showEnvVarsInLog = 0;
		};
/* End PBXShellScriptBuildPhase section */

/* Begin PBXSourcesBuildPhase section */
		916D57ED1AB9E03400069815 /* Sources */ = {
			isa = PBXSourcesBuildPhase;
			buildActionMask = 2147483647;
			files = (
				916D582B1AB9E6EB00069815 /* LineSmoothHelper.m in Sources */,
				912B5ADE1ABED873000B044D /* AddSignatureViewController.m in Sources */,
				911E798D1AC8A3B7004DB7F6 /* ColorButtonAnimator.m in Sources */,
				916D58241AB9E16000069815 /* DetailViewController.m in Sources */,
				916D582E1AB9E6F600069815 /* UIBezierPath+Subline.m in Sources */,
				91E505AB1ABF3B370063DA7B /* Signature.m in Sources */,
				916D58311AB9E70200069815 /* SignatureMaker.m in Sources */,
				916D582A1AB9E6EB00069815 /* Line.m in Sources */,
				915F7C101AC1B39E004C1E47 /* FileEntity.m in Sources */,
				914764271AECFF5A00E663A0 /* SignatureView.m in Sources */,
				915F7C131AC1B8EC004C1E47 /* NSManagedObjectContext+FetchedObjectWithURI.m in Sources */,
				9171816E1AE7DEC7009C3967 /* NavigationViewController.m in Sources */,
				916D57FA1AB9E03400069815 /* AppDelegate.m in Sources */,
				914764251AECFF5A00E663A0 /* SignatureLine.m in Sources */,
				917181711AE7E30A009C3967 /* MasterViewController.m in Sources */,
				916D57F71AB9E03400069815 /* main.m in Sources */,
				915382CD1ADED96800488489 /* SignButtonAnimator.m in Sources */,
				915E8C261AC30459005A1F9B /* PDFWriter.m in Sources */,
				914764261AECFF5A00E663A0 /* SignaturePoint.m in Sources */,
				916D58001AB9E03400069815 /* HistoryViewController.m in Sources */,
				915EF5621ABAE87500EFDA67 /* DocumentCollectionViewCell.m in Sources */,
				916D57FD1AB9E03400069815 /* Signed.xcdatamodeld in Sources */,
				91E505AF1ABF41E40063DA7B /* DocumentManager.m in Sources */,
				915EF55D1ABADD1800EFDA67 /* SignatureViewController.m in Sources */,
				91DFCFEB1AC1D8F50005D4E0 /* SignatureProcessManager.m in Sources */,
				91E505A81ABEDD6F0063DA7B /* Document.m in Sources */,
			);
			runOnlyForDeploymentPostprocessing = 0;
		};
		916D58091AB9E03400069815 /* Sources */ = {
			isa = PBXSourcesBuildPhase;
			buildActionMask = 2147483647;
			files = (
				916EE6C71AC17CA400E8303E /* DocumentTests.m in Sources */,
				9158ECAC1AC18A230028B20F /* SignatureTests.m in Sources */,
				916D58141AB9E03400069815 /* SignedTests.m in Sources */,
			);
			runOnlyForDeploymentPostprocessing = 0;
		};
/* End PBXSourcesBuildPhase section */

/* Begin PBXTargetDependency section */
		916D580F1AB9E03400069815 /* PBXTargetDependency */ = {
			isa = PBXTargetDependency;
			target = 916D57F01AB9E03400069815 /* Signed */;
			targetProxy = 916D580E1AB9E03400069815 /* PBXContainerItemProxy */;
		};
/* End PBXTargetDependency section */

/* Begin PBXVariantGroup section */
		916D58011AB9E03400069815 /* Main.storyboard */ = {
			isa = PBXVariantGroup;
			children = (
				916D58021AB9E03400069815 /* Base */,
			);
			name = Main.storyboard;
			sourceTree = "<group>";
		};
		916D58061AB9E03400069815 /* LaunchScreen.xib */ = {
			isa = PBXVariantGroup;
			children = (
				916D58071AB9E03400069815 /* Base */,
			);
			name = LaunchScreen.xib;
			sourceTree = "<group>";
		};
/* End PBXVariantGroup section */

/* Begin XCBuildConfiguration section */
		916D58151AB9E03400069815 /* Debug */ = {
			isa = XCBuildConfiguration;
			buildSettings = {
				ALWAYS_SEARCH_USER_PATHS = NO;
				CLANG_CXX_LANGUAGE_STANDARD = "gnu++0x";
				CLANG_CXX_LIBRARY = "libc++";
				CLANG_ENABLE_MODULES = YES;
				CLANG_ENABLE_OBJC_ARC = YES;
				CLANG_WARN_BOOL_CONVERSION = YES;
				CLANG_WARN_CONSTANT_CONVERSION = YES;
				CLANG_WARN_DIRECT_OBJC_ISA_USAGE = YES_ERROR;
				CLANG_WARN_EMPTY_BODY = YES;
				CLANG_WARN_ENUM_CONVERSION = YES;
				CLANG_WARN_INT_CONVERSION = YES;
				CLANG_WARN_OBJC_ROOT_CLASS = YES_ERROR;
				CLANG_WARN_UNREACHABLE_CODE = YES;
				CLANG_WARN__DUPLICATE_METHOD_MATCH = YES;
				"CODE_SIGN_IDENTITY[sdk=iphoneos*]" = "iPhone Developer";
				COPY_PHASE_STRIP = NO;
				ENABLE_STRICT_OBJC_MSGSEND = YES;
				GCC_C_LANGUAGE_STANDARD = gnu99;
				GCC_DYNAMIC_NO_PIC = NO;
				GCC_OPTIMIZATION_LEVEL = 0;
				GCC_PREPROCESSOR_DEFINITIONS = (
					"DEBUG=1",
					"$(inherited)",
				);
				GCC_SYMBOLS_PRIVATE_EXTERN = NO;
				GCC_WARN_64_TO_32_BIT_CONVERSION = YES;
				GCC_WARN_ABOUT_RETURN_TYPE = YES_ERROR;
				GCC_WARN_UNDECLARED_SELECTOR = YES;
				GCC_WARN_UNINITIALIZED_AUTOS = YES_AGGRESSIVE;
				GCC_WARN_UNUSED_FUNCTION = YES;
				GCC_WARN_UNUSED_VARIABLE = YES;
				IPHONEOS_DEPLOYMENT_TARGET = 8.2;
				MTL_ENABLE_DEBUG_INFO = YES;
				ONLY_ACTIVE_ARCH = YES;
				SDKROOT = iphoneos;
			};
			name = Debug;
		};
		916D58161AB9E03400069815 /* Release */ = {
			isa = XCBuildConfiguration;
			buildSettings = {
				ALWAYS_SEARCH_USER_PATHS = NO;
				CLANG_CXX_LANGUAGE_STANDARD = "gnu++0x";
				CLANG_CXX_LIBRARY = "libc++";
				CLANG_ENABLE_MODULES = YES;
				CLANG_ENABLE_OBJC_ARC = YES;
				CLANG_WARN_BOOL_CONVERSION = YES;
				CLANG_WARN_CONSTANT_CONVERSION = YES;
				CLANG_WARN_DIRECT_OBJC_ISA_USAGE = YES_ERROR;
				CLANG_WARN_EMPTY_BODY = YES;
				CLANG_WARN_ENUM_CONVERSION = YES;
				CLANG_WARN_INT_CONVERSION = YES;
				CLANG_WARN_OBJC_ROOT_CLASS = YES_ERROR;
				CLANG_WARN_UNREACHABLE_CODE = YES;
				CLANG_WARN__DUPLICATE_METHOD_MATCH = YES;
				"CODE_SIGN_IDENTITY[sdk=iphoneos*]" = "iPhone Developer";
				COPY_PHASE_STRIP = NO;
				ENABLE_NS_ASSERTIONS = NO;
				ENABLE_STRICT_OBJC_MSGSEND = YES;
				GCC_C_LANGUAGE_STANDARD = gnu99;
				GCC_WARN_64_TO_32_BIT_CONVERSION = YES;
				GCC_WARN_ABOUT_RETURN_TYPE = YES_ERROR;
				GCC_WARN_UNDECLARED_SELECTOR = YES;
				GCC_WARN_UNINITIALIZED_AUTOS = YES_AGGRESSIVE;
				GCC_WARN_UNUSED_FUNCTION = YES;
				GCC_WARN_UNUSED_VARIABLE = YES;
				IPHONEOS_DEPLOYMENT_TARGET = 8.2;
				MTL_ENABLE_DEBUG_INFO = NO;
				SDKROOT = iphoneos;
				VALIDATE_PRODUCT = YES;
			};
			name = Release;
		};
		916D58181AB9E03400069815 /* Debug */ = {
			isa = XCBuildConfiguration;
			baseConfigurationReference = BBDB32DF741963639FFF9C9A /* Pods.debug.xcconfig */;
			buildSettings = {
				ASSETCATALOG_COMPILER_APPICON_NAME = AppIcon;
				CODE_SIGN_IDENTITY = "iPhone Developer";
				"CODE_SIGN_IDENTITY[sdk=iphoneos*]" = "iPhone Developer";
				INFOPLIST_FILE = Signed/Info.plist;
				IPHONEOS_DEPLOYMENT_TARGET = 8.3;
				LD_RUNPATH_SEARCH_PATHS = "$(inherited) @executable_path/Frameworks";
				PRODUCT_NAME = "$(TARGET_NAME)";
				PROVISIONING_PROFILE = "";
			};
			name = Debug;
		};
		916D58191AB9E03400069815 /* Release */ = {
			isa = XCBuildConfiguration;
			baseConfigurationReference = 9ADDC97AA233542929F78FA5 /* Pods.release.xcconfig */;
			buildSettings = {
				ASSETCATALOG_COMPILER_APPICON_NAME = AppIcon;
				CLANG_USE_OPTIMIZATION_PROFILE = YES;
				CODE_SIGN_IDENTITY = "iPhone Developer";
				"CODE_SIGN_IDENTITY[sdk=iphoneos*]" = "iPhone Developer";
				INFOPLIST_FILE = Signed/Info.plist;
				IPHONEOS_DEPLOYMENT_TARGET = 8.3;
				LD_RUNPATH_SEARCH_PATHS = "$(inherited) @executable_path/Frameworks";
				PRODUCT_NAME = "$(TARGET_NAME)";
				PROVISIONING_PROFILE = "";
			};
			name = Release;
		};
		916D581B1AB9E03400069815 /* Debug */ = {
			isa = XCBuildConfiguration;
			baseConfigurationReference = BBDB32DF741963639FFF9C9A /* Pods.debug.xcconfig */;
			buildSettings = {
				BUNDLE_LOADER = "$(TEST_HOST)";
				CODE_SIGN_IDENTITY = "iPhone Developer";
				"CODE_SIGN_IDENTITY[sdk=iphoneos*]" = "iPhone Developer";
				FRAMEWORK_SEARCH_PATHS = (
					"$(SDKROOT)/Developer/Library/Frameworks",
					"$(inherited)",
				);
				GCC_PREPROCESSOR_DEFINITIONS = (
					"DEBUG=1",
					"$(inherited)",
				);
				INFOPLIST_FILE = SignedTests/Info.plist;
				LD_RUNPATH_SEARCH_PATHS = "$(inherited) @executable_path/Frameworks @loader_path/Frameworks";
				PRODUCT_NAME = "$(TARGET_NAME)";
				PROVISIONING_PROFILE = "";
				TEST_HOST = "$(BUILT_PRODUCTS_DIR)/Signed.app/Signed";
			};
			name = Debug;
		};
		916D581C1AB9E03400069815 /* Release */ = {
			isa = XCBuildConfiguration;
			baseConfigurationReference = 9ADDC97AA233542929F78FA5 /* Pods.release.xcconfig */;
			buildSettings = {
				BUNDLE_LOADER = "$(TEST_HOST)";
				CODE_SIGN_IDENTITY = "iPhone Developer";
				"CODE_SIGN_IDENTITY[sdk=iphoneos*]" = "iPhone Developer";
				FRAMEWORK_SEARCH_PATHS = (
					"$(SDKROOT)/Developer/Library/Frameworks",
					"$(inherited)",
				);
				INFOPLIST_FILE = SignedTests/Info.plist;
				LD_RUNPATH_SEARCH_PATHS = "$(inherited) @executable_path/Frameworks @loader_path/Frameworks";
				PRODUCT_NAME = "$(TARGET_NAME)";
				PROVISIONING_PROFILE = "";
				TEST_HOST = "$(BUILT_PRODUCTS_DIR)/Signed.app/Signed";
			};
			name = Release;
		};
/* End XCBuildConfiguration section */

/* Begin XCConfigurationList section */
		916D57EC1AB9E03400069815 /* Build configuration list for PBXProject "Signed" */ = {
			isa = XCConfigurationList;
			buildConfigurations = (
				916D58151AB9E03400069815 /* Debug */,
				916D58161AB9E03400069815 /* Release */,
			);
			defaultConfigurationIsVisible = 0;
			defaultConfigurationName = Release;
		};
		916D58171AB9E03400069815 /* Build configuration list for PBXNativeTarget "Signed" */ = {
			isa = XCConfigurationList;
			buildConfigurations = (
				916D58181AB9E03400069815 /* Debug */,
				916D58191AB9E03400069815 /* Release */,
			);
			defaultConfigurationIsVisible = 0;
			defaultConfigurationName = Release;
		};
		916D581A1AB9E03400069815 /* Build configuration list for PBXNativeTarget "SignedTests" */ = {
			isa = XCConfigurationList;
			buildConfigurations = (
				916D581B1AB9E03400069815 /* Debug */,
				916D581C1AB9E03400069815 /* Release */,
			);
			defaultConfigurationIsVisible = 0;
			defaultConfigurationName = Release;
		};
/* End XCConfigurationList section */

/* Begin XCVersionGroup section */
		916D57FB1AB9E03400069815 /* Signed.xcdatamodeld */ = {
			isa = XCVersionGroup;
			children = (
				916D57FC1AB9E03400069815 /* Signed.xcdatamodel */,
			);
			currentVersion = 916D57FC1AB9E03400069815 /* Signed.xcdatamodel */;
			path = Signed.xcdatamodeld;
			sourceTree = "<group>";
			versionGroupType = wrapper.xcdatamodel;
		};
/* End XCVersionGroup section */
	};
	rootObject = 916D57E91AB9E03400069815 /* Project object */;
}
